
Microsoft Visual Studio Solution File, Format Version 12.00
# Visual Studio Version 16
VisualStudioVersion = 16.0.31025.218
MinimumVisualStudioVersion = 10.0.40219.1
Project("{9A19103F-16F7-4668-BE54-9A1E7A4F7556}") = "BasicBlazorLibrary", "BasicBlazorLibrary.csproj", "{E1E00193-5788-44AF-B965-F195BF98FE1E}"
EndProject
Project("{2150E333-8FDC-42A3-9474-1A3956D46DE8}") = "Solution Items", "Solution Items", "{B0958535-7E48-49BF-81AC-7FC1265F7AC0}"
	ProjectSection(SolutionItems) = preProject
		.editorconfig = .editorconfig
	EndProjectSection
EndProject
Global
	GlobalSection(SolutionConfigurationPlatforms) = preSolution
		Debug|Any CPU = Debug|Any CPU
		Release|Any CPU = Release|Any CPU
	EndGlobalSection
	GlobalSection(ProjectConfigurationPlatforms) = postSolution
		{E1E00193-5788-44AF-B965-F195BF98FE1E}.Debug|Any CPU.ActiveCfg = Debug|Any CPU
		{E1E00193-5788-44AF-B965-F195BF98FE1E}.Debug|Any CPU.Build.0 = Debug|Any CPU
		{E1E00193-5788-44AF-B965-F195BF98FE1E}.Release|Any CPU.ActiveCfg = Release|Any CPU
		{E1E00193-5788-44AF-B965-F195BF98FE1E}.Release|Any CPU.Build.0 = Release|Any CPU
	EndGlobalSection
	GlobalSection(SolutionProperties) = preSolution
		HideSolutionNode = FALSE
	EndGlobalSection
	GlobalSection(ExtensibilityGlobals) = postSolution
		SolutionGuid = {2057E6BE-9FBA-4B93-964A-3DAB8A225E26}
	EndGlobalSection
EndGlobal
